
Microsoft Visual Studio Solution File, Format Version 12.00
# Visual Studio Version 16
VisualStudioVersion = 16.0.30907.101
MinimumVisualStudioVersion = 10.0.40219.1
Project("{F2A71F9B-5D33-465A-A702-920D77279786}") = "LR5", "LR5\LR5.fsproj", "{0A57FBB3-0977-47EE-94EB-BDBE7C6612E7}"
EndProject
Project("{F2A71F9B-5D33-465A-A702-920D77279786}") = "LR5.12", "LR5.12\LR5.12.fsproj", "{723DDA02-681B-46F8-8CBB-C0F7D3F7AFE5}"
EndProject
Project("{F2A71F9B-5D33-465A-A702-920D77279786}") = "LR5.13", "LR5.13\LR5.13.fsproj", "{14545081-F221-4054-A1EB-A56E1D7F5D30}"
EndProject
Project("{F2A71F9B-5D33-465A-A702-920D77279786}") = "LR5.14", "LR5.14\LR5.14.fsproj", "{79414FDB-6669-4679-9587-85F9AC18CC78}"
EndProject
Project("{F2A71F9B-5D33-465A-A702-920D77279786}") = "LR5.15", "LR5.15\LR5.15.fsproj", "{D8A8685F-B0C9-4675-8F16-C450E335C8DF}"
EndProject
Project("{F2A71F9B-5D33-465A-A702-920D77279786}") = "LR5.16", "LR5.16\LR5.16.fsproj", "{09BF7F5B-4775-4259-B2BF-E7CD29CE061B}"
EndProject
Project("{F2A71F9B-5D33-465A-A702-920D77279786}") = "LR5.17", "LR5.17\LR5.17.fsproj", "{9553D401-5D97-4F56-8B7D-2F82A3C6F86A}"
EndProject
Global
	GlobalSection(SolutionConfigurationPlatforms) = preSolution
		Debug|Any CPU = Debug|Any CPU
		Release|Any CPU = Release|Any CPU
	EndGlobalSection
	GlobalSection(ProjectConfigurationPlatforms) = postSolution
		{0A57FBB3-0977-47EE-94EB-BDBE7C6612E7}.Debug|Any CPU.ActiveCfg = Debug|Any CPU
		{0A57FBB3-0977-47EE-94EB-BDBE7C6612E7}.Debug|Any CPU.Build.0 = Debug|Any CPU
		{0A57FBB3-0977-47EE-94EB-BDBE7C6612E7}.Release|Any CPU.ActiveCfg = Release|Any CPU
		{0A57FBB3-0977-47EE-94EB-BDBE7C6612E7}.Release|Any CPU.Build.0 = Release|Any CPU
		{723DDA02-681B-46F8-8CBB-C0F7D3F7AFE5}.Debug|Any CPU.ActiveCfg = Debug|Any CPU
		{723DDA02-681B-46F8-8CBB-C0F7D3F7AFE5}.Debug|Any CPU.Build.0 = Debug|Any CPU
		{723DDA02-681B-46F8-8CBB-C0F7D3F7AFE5}.Release|Any CPU.ActiveCfg = Release|Any CPU
		{723DDA02-681B-46F8-8CBB-C0F7D3F7AFE5}.Release|Any CPU.Build.0 = Release|Any CPU
		{14545081-F221-4054-A1EB-A56E1D7F5D30}.Debug|Any CPU.ActiveCfg = Debug|Any CPU
		{14545081-F221-4054-A1EB-A56E1D7F5D30}.Debug|Any CPU.Build.0 = Debug|Any CPU
		{14545081-F221-4054-A1EB-A56E1D7F5D30}.Release|Any CPU.ActiveCfg = Release|Any CPU
		{14545081-F221-4054-A1EB-A56E1D7F5D30}.Release|Any CPU.Build.0 = Release|Any CPU
		{79414FDB-6669-4679-9587-85F9AC18CC78}.Debug|Any CPU.ActiveCfg = Debug|Any CPU
		{79414FDB-6669-4679-9587-85F9AC18CC78}.Debug|Any CPU.Build.0 = Debug|Any CPU
		{79414FDB-6669-4679-9587-85F9AC18CC78}.Release|Any CPU.ActiveCfg = Release|Any CPU
		{79414FDB-6669-4679-9587-85F9AC18CC78}.Release|Any CPU.Build.0 = Release|Any CPU
		{D8A8685F-B0C9-4675-8F16-C450E335C8DF}.Debug|Any CPU.ActiveCfg = Debug|Any CPU
		{D8A8685F-B0C9-4675-8F16-C450E335C8DF}.Debug|Any CPU.Build.0 = Debug|Any CPU
		{D8A8685F-B0C9-4675-8F16-C450E335C8DF}.Release|Any CPU.ActiveCfg = Release|Any CPU
		{D8A8685F-B0C9-4675-8F16-C450E335C8DF}.Release|Any CPU.Build.0 = Release|Any CPU
		{09BF7F5B-4775-4259-B2BF-E7CD29CE061B}.Debug|Any CPU.ActiveCfg = Debug|Any CPU
		{09BF7F5B-4775-4259-B2BF-E7CD29CE061B}.Debug|Any CPU.Build.0 = Debug|Any CPU
		{09BF7F5B-4775-4259-B2BF-E7CD29CE061B}.Release|Any CPU.ActiveCfg = Release|Any CPU
		{09BF7F5B-4775-4259-B2BF-E7CD29CE061B}.Release|Any CPU.Build.0 = Release|Any CPU
		{9553D401-5D97-4F56-8B7D-2F82A3C6F86A}.Debug|Any CPU.ActiveCfg = Debug|Any CPU
		{9553D401-5D97-4F56-8B7D-2F82A3C6F86A}.Debug|Any CPU.Build.0 = Debug|Any CPU
		{9553D401-5D97-4F56-8B7D-2F82A3C6F86A}.Release|Any CPU.ActiveCfg = Release|Any CPU
		{9553D401-5D97-4F56-8B7D-2F82A3C6F86A}.Release|Any CPU.Build.0 = Release|Any CPU
	EndGlobalSection
	GlobalSection(SolutionProperties) = preSolution
		HideSolutionNode = FALSE
	EndGlobalSection
	GlobalSection(ExtensibilityGlobals) = postSolution
		SolutionGuid = {F8E637B8-E673-43E5-8F2C-E9C58CE8FA8C}
	EndGlobalSection
EndGlobal
