
Microsoft Visual Studio Solution File, Format Version 12.00
# Visual Studio Version 16
VisualStudioVersion = 16.0.30907.101
MinimumVisualStudioVersion = 10.0.40219.1
Project("{F2A71F9B-5D33-465A-A702-920D77279786}") = "LR5", "LR5\LR5.fsproj", "{0A57FBB3-0977-47EE-94EB-BDBE7C6612E7}"
EndProject
Project("{F2A71F9B-5D33-465A-A702-920D77279786}") = "LR5.12", "LR5.12\LR5.12.fsproj", "{723DDA02-681B-46F8-8CBB-C0F7D3F7AFE5}"
EndProject
Global
	GlobalSection(SolutionConfigurationPlatforms) = preSolution
		Debug|Any CPU = Debug|Any CPU
		Release|Any CPU = Release|Any CPU
	EndGlobalSection
	GlobalSection(ProjectConfigurationPlatforms) = postSolution
		{0A57FBB3-0977-47EE-94EB-BDBE7C6612E7}.Debug|Any CPU.ActiveCfg = Debug|Any CPU
		{0A57FBB3-0977-47EE-94EB-BDBE7C6612E7}.Debug|Any CPU.Build.0 = Debug|Any CPU
		{0A57FBB3-0977-47EE-94EB-BDBE7C6612E7}.Release|Any CPU.ActiveCfg = Release|Any CPU
		{0A57FBB3-0977-47EE-94EB-BDBE7C6612E7}.Release|Any CPU.Build.0 = Release|Any CPU
		{723DDA02-681B-46F8-8CBB-C0F7D3F7AFE5}.Debug|Any CPU.ActiveCfg = Debug|Any CPU
		{723DDA02-681B-46F8-8CBB-C0F7D3F7AFE5}.Debug|Any CPU.Build.0 = Debug|Any CPU
		{723DDA02-681B-46F8-8CBB-C0F7D3F7AFE5}.Release|Any CPU.ActiveCfg = Release|Any CPU
		{723DDA02-681B-46F8-8CBB-C0F7D3F7AFE5}.Release|Any CPU.Build.0 = Release|Any CPU
	EndGlobalSection
	GlobalSection(SolutionProperties) = preSolution
		HideSolutionNode = FALSE
	EndGlobalSection
	GlobalSection(ExtensibilityGlobals) = postSolution
		SolutionGuid = {F8E637B8-E673-43E5-8F2C-E9C58CE8FA8C}
	EndGlobalSection
EndGlobal
